
Microsoft Visual Studio Solution File, Format Version 12.00
# Visual Studio 14
VisualStudioVersion = 14.0.25420.1
MinimumVisualStudioVersion = 10.0.40219.1
Project("{FAE04EC0-301F-11D3-BF4B-00C04F79EFBC}") = "Generics", "Generics\Generics.csproj", "{71D3067D-F199-41B6-AD08-BA9795526311}"
EndProject
Project("{FAE04EC0-301F-11D3-BF4B-00C04F79EFBC}") = "ShallowCopy", "ShallowAndDeepCopy\ShallowCopy.csproj", "{2D255942-EEF4-4CCE-B0D4-A4DB813E64C0}"
EndProject
Project("{FAE04EC0-301F-11D3-BF4B-00C04F79EFBC}") = "DeepCopy", "DeepCopy\DeepCopy.csproj", "{6CF72521-6DE1-4AE7-B7DD-62C42A54E1FD}"
EndProject
Project("{FAE04EC0-301F-11D3-BF4B-00C04F79EFBC}") = "StaticMethodsAndClasses", "StaticMethodsAndClasses\StaticMethodsAndClasses.csproj", "{4B462379-9290-410B-9BEB-3C4E15973259}"
EndProject
Project("{FAE04EC0-301F-11D3-BF4B-00C04F79EFBC}") = "NumberPattern", "NumberPattern\NumberPattern.csproj", "{9E734F12-6B76-4C71-85C1-F6AE112851F5}"
EndProject
Project("{FAE04EC0-301F-11D3-BF4B-00C04F79EFBC}") = "StringExercises", "StringExercises\StringExercises.csproj", "{A3C25623-0FF5-4197-B506-73F3359254AD}"
EndProject
Project("{8BC9CEB8-8B4A-11D0-8D11-00A0C91BC942}") = "Stack", "..\C\Stack\Stack.vcxproj", "{E45377CE-C282-490D-9B76-483BEBC6704A}"
EndProject
Project("{FAE04EC0-301F-11D3-BF4B-00C04F79EFBC}") = "SerializationDeserialization", "SerializationDeserialization\SerializationDeserialization.csproj", "{6F74BF75-5029-4B50-8080-9E7D40568298}"
EndProject
Project("{FAE04EC0-301F-11D3-BF4B-00C04F79EFBC}") = "NumericManipulations", "NumericManipulations\NumericManipulations.csproj", "{2E4D0575-4D35-4F89-B18C-C608B9C60F4D}"
EndProject
Project("{FAE04EC0-301F-11D3-BF4B-00C04F79EFBC}") = "AbstractClassDemo", "ConstantMethods\AbstractClassDemo.csproj", "{4B6E2FF4-BB6B-41C2-BF3D-98F4F2AF2A09}"
EndProject
Global
	GlobalSection(SolutionConfigurationPlatforms) = preSolution
		Debug|Any CPU = Debug|Any CPU
		Debug|x64 = Debug|x64
		Debug|x86 = Debug|x86
		Release|Any CPU = Release|Any CPU
		Release|x64 = Release|x64
		Release|x86 = Release|x86
	EndGlobalSection
	GlobalSection(ProjectConfigurationPlatforms) = postSolution
		{71D3067D-F199-41B6-AD08-BA9795526311}.Debug|Any CPU.ActiveCfg = Debug|Any CPU
		{71D3067D-F199-41B6-AD08-BA9795526311}.Debug|Any CPU.Build.0 = Debug|Any CPU
		{71D3067D-F199-41B6-AD08-BA9795526311}.Debug|x64.ActiveCfg = Debug|Any CPU
		{71D3067D-F199-41B6-AD08-BA9795526311}.Debug|x64.Build.0 = Debug|Any CPU
		{71D3067D-F199-41B6-AD08-BA9795526311}.Debug|x86.ActiveCfg = Debug|Any CPU
		{71D3067D-F199-41B6-AD08-BA9795526311}.Debug|x86.Build.0 = Debug|Any CPU
		{71D3067D-F199-41B6-AD08-BA9795526311}.Release|Any CPU.ActiveCfg = Release|Any CPU
		{71D3067D-F199-41B6-AD08-BA9795526311}.Release|Any CPU.Build.0 = Release|Any CPU
		{71D3067D-F199-41B6-AD08-BA9795526311}.Release|x64.ActiveCfg = Release|Any CPU
		{71D3067D-F199-41B6-AD08-BA9795526311}.Release|x64.Build.0 = Release|Any CPU
		{71D3067D-F199-41B6-AD08-BA9795526311}.Release|x86.ActiveCfg = Release|Any CPU
		{71D3067D-F199-41B6-AD08-BA9795526311}.Release|x86.Build.0 = Release|Any CPU
		{2D255942-EEF4-4CCE-B0D4-A4DB813E64C0}.Debug|Any CPU.ActiveCfg = Debug|Any CPU
		{2D255942-EEF4-4CCE-B0D4-A4DB813E64C0}.Debug|Any CPU.Build.0 = Debug|Any CPU
		{2D255942-EEF4-4CCE-B0D4-A4DB813E64C0}.Debug|x64.ActiveCfg = Debug|Any CPU
		{2D255942-EEF4-4CCE-B0D4-A4DB813E64C0}.Debug|x64.Build.0 = Debug|Any CPU
		{2D255942-EEF4-4CCE-B0D4-A4DB813E64C0}.Debug|x86.ActiveCfg = Debug|Any CPU
		{2D255942-EEF4-4CCE-B0D4-A4DB813E64C0}.Debug|x86.Build.0 = Debug|Any CPU
		{2D255942-EEF4-4CCE-B0D4-A4DB813E64C0}.Release|Any CPU.ActiveCfg = Release|Any CPU
		{2D255942-EEF4-4CCE-B0D4-A4DB813E64C0}.Release|Any CPU.Build.0 = Release|Any CPU
		{2D255942-EEF4-4CCE-B0D4-A4DB813E64C0}.Release|x64.ActiveCfg = Release|Any CPU
		{2D255942-EEF4-4CCE-B0D4-A4DB813E64C0}.Release|x64.Build.0 = Release|Any CPU
		{2D255942-EEF4-4CCE-B0D4-A4DB813E64C0}.Release|x86.ActiveCfg = Release|Any CPU
		{2D255942-EEF4-4CCE-B0D4-A4DB813E64C0}.Release|x86.Build.0 = Release|Any CPU
		{6CF72521-6DE1-4AE7-B7DD-62C42A54E1FD}.Debug|Any CPU.ActiveCfg = Debug|Any CPU
		{6CF72521-6DE1-4AE7-B7DD-62C42A54E1FD}.Debug|Any CPU.Build.0 = Debug|Any CPU
		{6CF72521-6DE1-4AE7-B7DD-62C42A54E1FD}.Debug|x64.ActiveCfg = Debug|Any CPU
		{6CF72521-6DE1-4AE7-B7DD-62C42A54E1FD}.Debug|x64.Build.0 = Debug|Any CPU
		{6CF72521-6DE1-4AE7-B7DD-62C42A54E1FD}.Debug|x86.ActiveCfg = Debug|Any CPU
		{6CF72521-6DE1-4AE7-B7DD-62C42A54E1FD}.Debug|x86.Build.0 = Debug|Any CPU
		{6CF72521-6DE1-4AE7-B7DD-62C42A54E1FD}.Release|Any CPU.ActiveCfg = Release|Any CPU
		{6CF72521-6DE1-4AE7-B7DD-62C42A54E1FD}.Release|Any CPU.Build.0 = Release|Any CPU
		{6CF72521-6DE1-4AE7-B7DD-62C42A54E1FD}.Release|x64.ActiveCfg = Release|Any CPU
		{6CF72521-6DE1-4AE7-B7DD-62C42A54E1FD}.Release|x64.Build.0 = Release|Any CPU
		{6CF72521-6DE1-4AE7-B7DD-62C42A54E1FD}.Release|x86.ActiveCfg = Release|Any CPU
		{6CF72521-6DE1-4AE7-B7DD-62C42A54E1FD}.Release|x86.Build.0 = Release|Any CPU
		{4B462379-9290-410B-9BEB-3C4E15973259}.Debug|Any CPU.ActiveCfg = Debug|Any CPU
		{4B462379-9290-410B-9BEB-3C4E15973259}.Debug|Any CPU.Build.0 = Debug|Any CPU
		{4B462379-9290-410B-9BEB-3C4E15973259}.Debug|x64.ActiveCfg = Debug|Any CPU
		{4B462379-9290-410B-9BEB-3C4E15973259}.Debug|x64.Build.0 = Debug|Any CPU
		{4B462379-9290-410B-9BEB-3C4E15973259}.Debug|x86.ActiveCfg = Debug|Any CPU
		{4B462379-9290-410B-9BEB-3C4E15973259}.Debug|x86.Build.0 = Debug|Any CPU
		{4B462379-9290-410B-9BEB-3C4E15973259}.Release|Any CPU.ActiveCfg = Release|Any CPU
		{4B462379-9290-410B-9BEB-3C4E15973259}.Release|Any CPU.Build.0 = Release|Any CPU
		{4B462379-9290-410B-9BEB-3C4E15973259}.Release|x64.ActiveCfg = Release|Any CPU
		{4B462379-9290-410B-9BEB-3C4E15973259}.Release|x64.Build.0 = Release|Any CPU
		{4B462379-9290-410B-9BEB-3C4E15973259}.Release|x86.ActiveCfg = Release|Any CPU
		{4B462379-9290-410B-9BEB-3C4E15973259}.Release|x86.Build.0 = Release|Any CPU
		{9E734F12-6B76-4C71-85C1-F6AE112851F5}.Debug|Any CPU.ActiveCfg = Debug|Any CPU
		{9E734F12-6B76-4C71-85C1-F6AE112851F5}.Debug|Any CPU.Build.0 = Debug|Any CPU
		{9E734F12-6B76-4C71-85C1-F6AE112851F5}.Debug|x64.ActiveCfg = Debug|Any CPU
		{9E734F12-6B76-4C71-85C1-F6AE112851F5}.Debug|x64.Build.0 = Debug|Any CPU
		{9E734F12-6B76-4C71-85C1-F6AE112851F5}.Debug|x86.ActiveCfg = Debug|Any CPU
		{9E734F12-6B76-4C71-85C1-F6AE112851F5}.Debug|x86.Build.0 = Debug|Any CPU
		{9E734F12-6B76-4C71-85C1-F6AE112851F5}.Release|Any CPU.ActiveCfg = Release|Any CPU
		{9E734F12-6B76-4C71-85C1-F6AE112851F5}.Release|Any CPU.Build.0 = Release|Any CPU
		{9E734F12-6B76-4C71-85C1-F6AE112851F5}.Release|x64.ActiveCfg = Release|Any CPU
		{9E734F12-6B76-4C71-85C1-F6AE112851F5}.Release|x64.Build.0 = Release|Any CPU
		{9E734F12-6B76-4C71-85C1-F6AE112851F5}.Release|x86.ActiveCfg = Release|Any CPU
		{9E734F12-6B76-4C71-85C1-F6AE112851F5}.Release|x86.Build.0 = Release|Any CPU
		{A3C25623-0FF5-4197-B506-73F3359254AD}.Debug|Any CPU.ActiveCfg = Debug|Any CPU
		{A3C25623-0FF5-4197-B506-73F3359254AD}.Debug|Any CPU.Build.0 = Debug|Any CPU
		{A3C25623-0FF5-4197-B506-73F3359254AD}.Debug|x64.ActiveCfg = Debug|Any CPU
		{A3C25623-0FF5-4197-B506-73F3359254AD}.Debug|x64.Build.0 = Debug|Any CPU
		{A3C25623-0FF5-4197-B506-73F3359254AD}.Debug|x86.ActiveCfg = Debug|Any CPU
		{A3C25623-0FF5-4197-B506-73F3359254AD}.Debug|x86.Build.0 = Debug|Any CPU
		{A3C25623-0FF5-4197-B506-73F3359254AD}.Release|Any CPU.ActiveCfg = Release|Any CPU
		{A3C25623-0FF5-4197-B506-73F3359254AD}.Release|Any CPU.Build.0 = Release|Any CPU
		{A3C25623-0FF5-4197-B506-73F3359254AD}.Release|x64.ActiveCfg = Release|Any CPU
		{A3C25623-0FF5-4197-B506-73F3359254AD}.Release|x64.Build.0 = Release|Any CPU
		{A3C25623-0FF5-4197-B506-73F3359254AD}.Release|x86.ActiveCfg = Release|Any CPU
		{A3C25623-0FF5-4197-B506-73F3359254AD}.Release|x86.Build.0 = Release|Any CPU
		{E45377CE-C282-490D-9B76-483BEBC6704A}.Debug|Any CPU.ActiveCfg = Debug|Win32
		{E45377CE-C282-490D-9B76-483BEBC6704A}.Debug|x64.ActiveCfg = Debug|x64
		{E45377CE-C282-490D-9B76-483BEBC6704A}.Debug|x64.Build.0 = Debug|x64
		{E45377CE-C282-490D-9B76-483BEBC6704A}.Debug|x86.ActiveCfg = Debug|Win32
		{E45377CE-C282-490D-9B76-483BEBC6704A}.Debug|x86.Build.0 = Debug|Win32
		{E45377CE-C282-490D-9B76-483BEBC6704A}.Release|Any CPU.ActiveCfg = Release|Win32
		{E45377CE-C282-490D-9B76-483BEBC6704A}.Release|x64.ActiveCfg = Release|x64
		{E45377CE-C282-490D-9B76-483BEBC6704A}.Release|x64.Build.0 = Release|x64
		{E45377CE-C282-490D-9B76-483BEBC6704A}.Release|x86.ActiveCfg = Release|Win32
		{E45377CE-C282-490D-9B76-483BEBC6704A}.Release|x86.Build.0 = Release|Win32
		{6F74BF75-5029-4B50-8080-9E7D40568298}.Debug|Any CPU.ActiveCfg = Debug|Any CPU
		{6F74BF75-5029-4B50-8080-9E7D40568298}.Debug|Any CPU.Build.0 = Debug|Any CPU
		{6F74BF75-5029-4B50-8080-9E7D40568298}.Debug|x64.ActiveCfg = Debug|Any CPU
		{6F74BF75-5029-4B50-8080-9E7D40568298}.Debug|x64.Build.0 = Debug|Any CPU
		{6F74BF75-5029-4B50-8080-9E7D40568298}.Debug|x86.ActiveCfg = Debug|Any CPU
		{6F74BF75-5029-4B50-8080-9E7D40568298}.Debug|x86.Build.0 = Debug|Any CPU
		{6F74BF75-5029-4B50-8080-9E7D40568298}.Release|Any CPU.ActiveCfg = Release|Any CPU
		{6F74BF75-5029-4B50-8080-9E7D40568298}.Release|Any CPU.Build.0 = Release|Any CPU
		{6F74BF75-5029-4B50-8080-9E7D40568298}.Release|x64.ActiveCfg = Release|Any CPU
		{6F74BF75-5029-4B50-8080-9E7D40568298}.Release|x64.Build.0 = Release|Any CPU
		{6F74BF75-5029-4B50-8080-9E7D40568298}.Release|x86.ActiveCfg = Release|Any CPU
		{6F74BF75-5029-4B50-8080-9E7D40568298}.Release|x86.Build.0 = Release|Any CPU
		{2E4D0575-4D35-4F89-B18C-C608B9C60F4D}.Debug|Any CPU.ActiveCfg = Debug|Any CPU
		{2E4D0575-4D35-4F89-B18C-C608B9C60F4D}.Debug|Any CPU.Build.0 = Debug|Any CPU
		{2E4D0575-4D35-4F89-B18C-C608B9C60F4D}.Debug|x64.ActiveCfg = Debug|Any CPU
		{2E4D0575-4D35-4F89-B18C-C608B9C60F4D}.Debug|x64.Build.0 = Debug|Any CPU
		{2E4D0575-4D35-4F89-B18C-C608B9C60F4D}.Debug|x86.ActiveCfg = Debug|Any CPU
		{2E4D0575-4D35-4F89-B18C-C608B9C60F4D}.Debug|x86.Build.0 = Debug|Any CPU
		{2E4D0575-4D35-4F89-B18C-C608B9C60F4D}.Release|Any CPU.ActiveCfg = Release|Any CPU
		{2E4D0575-4D35-4F89-B18C-C608B9C60F4D}.Release|Any CPU.Build.0 = Release|Any CPU
		{2E4D0575-4D35-4F89-B18C-C608B9C60F4D}.Release|x64.ActiveCfg = Release|Any CPU
		{2E4D0575-4D35-4F89-B18C-C608B9C60F4D}.Release|x64.Build.0 = Release|Any CPU
		{2E4D0575-4D35-4F89-B18C-C608B9C60F4D}.Release|x86.ActiveCfg = Release|Any CPU
		{2E4D0575-4D35-4F89-B18C-C608B9C60F4D}.Release|x86.Build.0 = Release|Any CPU
		{4B6E2FF4-BB6B-41C2-BF3D-98F4F2AF2A09}.Debug|Any CPU.ActiveCfg = Debug|Any CPU
		{4B6E2FF4-BB6B-41C2-BF3D-98F4F2AF2A09}.Debug|Any CPU.Build.0 = Debug|Any CPU
		{4B6E2FF4-BB6B-41C2-BF3D-98F4F2AF2A09}.Debug|x64.ActiveCfg = Debug|Any CPU
		{4B6E2FF4-BB6B-41C2-BF3D-98F4F2AF2A09}.Debug|x64.Build.0 = Debug|Any CPU
		{4B6E2FF4-BB6B-41C2-BF3D-98F4F2AF2A09}.Debug|x86.ActiveCfg = Debug|Any CPU
		{4B6E2FF4-BB6B-41C2-BF3D-98F4F2AF2A09}.Debug|x86.Build.0 = Debug|Any CPU
		{4B6E2FF4-BB6B-41C2-BF3D-98F4F2AF2A09}.Release|Any CPU.ActiveCfg = Release|Any CPU
		{4B6E2FF4-BB6B-41C2-BF3D-98F4F2AF2A09}.Release|Any CPU.Build.0 = Release|Any CPU
		{4B6E2FF4-BB6B-41C2-BF3D-98F4F2AF2A09}.Release|x64.ActiveCfg = Release|Any CPU
		{4B6E2FF4-BB6B-41C2-BF3D-98F4F2AF2A09}.Release|x64.Build.0 = Release|Any CPU
		{4B6E2FF4-BB6B-41C2-BF3D-98F4F2AF2A09}.Release|x86.ActiveCfg = Release|Any CPU
		{4B6E2FF4-BB6B-41C2-BF3D-98F4F2AF2A09}.Release|x86.Build.0 = Release|Any CPU
	EndGlobalSection
	GlobalSection(SolutionProperties) = preSolution
		HideSolutionNode = FALSE
	EndGlobalSection
EndGlobal
